
Microsoft Visual Studio Solution File, Format Version 12.00
# Visual Studio Version 16
VisualStudioVersion = 16.0.29215.179
MinimumVisualStudioVersion = 10.0.40219.1
Project("{8BC9CEB8-8B4A-11D0-8D11-00A0C91BC942}") = "Compress_And_Decompression-VS", "Compress_And_Decompression-VS.vcxproj", "{F7B31F0C-8920-4ED6-AF65-826DB7B3259A}"
EndProject
Global
	GlobalSection(SolutionConfigurationPlatforms) = preSolution
		Debug|x64 = Debug|x64
		Debug|x86 = Debug|x86
		Release|x64 = Release|x64
		Release|x86 = Release|x86
	EndGlobalSection
	GlobalSection(ProjectConfigurationPlatforms) = postSolution
		{F7B31F0C-8920-4ED6-AF65-826DB7B3259A}.Debug|x64.ActiveCfg = Debug|x64
		{F7B31F0C-8920-4ED6-AF65-826DB7B3259A}.Debug|x64.Build.0 = Debug|x64
		{F7B31F0C-8920-4ED6-AF65-826DB7B3259A}.Debug|x86.ActiveCfg = Debug|Win32
		{F7B31F0C-8920-4ED6-AF65-826DB7B3259A}.Debug|x86.Build.0 = Debug|Win32
		{F7B31F0C-8920-4ED6-AF65-826DB7B3259A}.Release|x64.ActiveCfg = Release|x64
		{F7B31F0C-8920-4ED6-AF65-826DB7B3259A}.Release|x64.Build.0 = Release|x64
		{F7B31F0C-8920-4ED6-AF65-826DB7B3259A}.Release|x86.ActiveCfg = Release|Win32
		{F7B31F0C-8920-4ED6-AF65-826DB7B3259A}.Release|x86.Build.0 = Release|Win32
	EndGlobalSection
	GlobalSection(SolutionProperties) = preSolution
		HideSolutionNode = FALSE
	EndGlobalSection
	GlobalSection(ExtensibilityGlobals) = postSolution
		SolutionGuid = {B8FE74F8-C8E7-40B2-ACB9-152FBC3F9DE1}
	EndGlobalSection
EndGlobal
