
Microsoft Visual Studio Solution File, Format Version 12.00
# Visual Studio 15
VisualStudioVersion = 15.0.28010.2016
MinimumVisualStudioVersion = 10.0.40219.1
Project("{8BC9CEB8-8B4A-11D0-8D11-00A0C91BC942}") = "StackAsArray", "StackAsArray.vcxproj", "{F7A0F2BC-D9D8-47BB-B6C1-E245DBDBA312}"
EndProject
Global
	GlobalSection(SolutionConfigurationPlatforms) = preSolution
		Debug|x64 = Debug|x64
		Debug|x86 = Debug|x86
		Release|x64 = Release|x64
		Release|x86 = Release|x86
	EndGlobalSection
	GlobalSection(ProjectConfigurationPlatforms) = postSolution
		{F7A0F2BC-D9D8-47BB-B6C1-E245DBDBA312}.Debug|x64.ActiveCfg = Debug|x64
		{F7A0F2BC-D9D8-47BB-B6C1-E245DBDBA312}.Debug|x64.Build.0 = Debug|x64
		{F7A0F2BC-D9D8-47BB-B6C1-E245DBDBA312}.Debug|x86.ActiveCfg = Debug|Win32
		{F7A0F2BC-D9D8-47BB-B6C1-E245DBDBA312}.Debug|x86.Build.0 = Debug|Win32
		{F7A0F2BC-D9D8-47BB-B6C1-E245DBDBA312}.Release|x64.ActiveCfg = Release|x64
		{F7A0F2BC-D9D8-47BB-B6C1-E245DBDBA312}.Release|x64.Build.0 = Release|x64
		{F7A0F2BC-D9D8-47BB-B6C1-E245DBDBA312}.Release|x86.ActiveCfg = Release|Win32
		{F7A0F2BC-D9D8-47BB-B6C1-E245DBDBA312}.Release|x86.Build.0 = Release|Win32
	EndGlobalSection
	GlobalSection(SolutionProperties) = preSolution
		HideSolutionNode = FALSE
	EndGlobalSection
	GlobalSection(ExtensibilityGlobals) = postSolution
		SolutionGuid = {BE4DA073-3595-40D6-9F9C-6113C385DACC}
	EndGlobalSection
EndGlobal
